// !$*UTF8*$!
{
	archiveVersion = 1;
	classes = {
	};
	objectVersion = 50;
	objects = {

/* Begin PBXBuildFile section */
		48A0B3BA24A475A800B202EE /* AppDelegate.swift in Sources */ = {isa = PBXBuildFile; fileRef = 48A0B3B924A475A800B202EE /* AppDelegate.swift */; };
		48A0B3BC24A475A800B202EE /* SceneDelegate.swift in Sources */ = {isa = PBXBuildFile; fileRef = 48A0B3BB24A475A800B202EE /* SceneDelegate.swift */; };
		48A0B3BE24A475A800B202EE /* EmojiMemoryGameView.swift in Sources */ = {isa = PBXBuildFile; fileRef = 48A0B3BD24A475A800B202EE /* EmojiMemoryGameView.swift */; };
		48A0B3C024A475AA00B202EE /* Assets.xcassets in Resources */ = {isa = PBXBuildFile; fileRef = 48A0B3BF24A475AA00B202EE /* Assets.xcassets */; };
		48A0B3C324A475AA00B202EE /* Preview Assets.xcassets in Resources */ = {isa = PBXBuildFile; fileRef = 48A0B3C224A475AA00B202EE /* Preview Assets.xcassets */; };
		48A0B3C624A475AA00B202EE /* LaunchScreen.storyboard in Resources */ = {isa = PBXBuildFile; fileRef = 48A0B3C424A475AA00B202EE /* LaunchScreen.storyboard */; };
		6B1D442C24A4B1FC00C2A61E /* MemoryGame.swift in Sources */ = {isa = PBXBuildFile; fileRef = 6B1D442B24A4B1FC00C2A61E /* MemoryGame.swift */; };
		6B1D442E24A4B41600C2A61E /* EmojiMemoryGame.swift in Sources */ = {isa = PBXBuildFile; fileRef = 6B1D442D24A4B41600C2A61E /* EmojiMemoryGame.swift */; };
		6B96F00B24A4D7A300833143 /* Grid.swift in Sources */ = {isa = PBXBuildFile; fileRef = 6B96F00A24A4D7A300833143 /* Grid.swift */; };
		6B96F00D24A4DBFD00833143 /* GridLayout.swift in Sources */ = {isa = PBXBuildFile; fileRef = 6B96F00C24A4DBFD00833143 /* GridLayout.swift */; };
		6B96F00F24A5CD9C00833143 /* Pie.swift in Sources */ = {isa = PBXBuildFile; fileRef = 6B96F00E24A5CD9C00833143 /* Pie.swift */; };
/* End PBXBuildFile section */

/* Begin PBXFileReference section */
		48A0B3B624A475A800B202EE /* Memorise.app */ = {isa = PBXFileReference; explicitFileType = wrapper.application; includeInIndex = 0; path = Memorise.app; sourceTree = BUILT_PRODUCTS_DIR; };
		48A0B3B924A475A800B202EE /* AppDelegate.swift */ = {isa = PBXFileReference; lastKnownFileType = sourcecode.swift; path = AppDelegate.swift; sourceTree = "<group>"; };
		48A0B3BB24A475A800B202EE /* SceneDelegate.swift */ = {isa = PBXFileReference; lastKnownFileType = sourcecode.swift; path = SceneDelegate.swift; sourceTree = "<group>"; };
		48A0B3BD24A475A800B202EE /* EmojiMemoryGameView.swift */ = {isa = PBXFileReference; lastKnownFileType = sourcecode.swift; path = EmojiMemoryGameView.swift; sourceTree = "<group>"; };
		48A0B3BF24A475AA00B202EE /* Assets.xcassets */ = {isa = PBXFileReference; lastKnownFileType = folder.assetcatalog; path = Assets.xcassets; sourceTree = "<group>"; };
		48A0B3C224A475AA00B202EE /* Preview Assets.xcassets */ = {isa = PBXFileReference; lastKnownFileType = folder.assetcatalog; path = "Preview Assets.xcassets"; sourceTree = "<group>"; };
		48A0B3C524A475AA00B202EE /* Base */ = {isa = PBXFileReference; lastKnownFileType = file.storyboard; name = Base; path = Base.lproj/LaunchScreen.storyboard; sourceTree = "<group>"; };
		48A0B3C724A475AA00B202EE /* Info.plist */ = {isa = PBXFileReference; lastKnownFileType = text.plist.xml; path = Info.plist; sourceTree = "<group>"; };
		6B1D442B24A4B1FC00C2A61E /* MemoryGame.swift */ = {isa = PBXFileReference; lastKnownFileType = sourcecode.swift; path = MemoryGame.swift; sourceTree = "<group>"; };
		6B1D442D24A4B41600C2A61E /* EmojiMemoryGame.swift */ = {isa = PBXFileReference; lastKnownFileType = sourcecode.swift; path = EmojiMemoryGame.swift; sourceTree = "<group>"; };
		6B83C7EA24A4C93A0028E1B8 /* Memorise.entitlements */ = {isa = PBXFileReference; lastKnownFileType = text.plist.entitlements; path = Memorise.entitlements; sourceTree = "<group>"; };
		6B96F00A24A4D7A300833143 /* Grid.swift */ = {isa = PBXFileReference; lastKnownFileType = sourcecode.swift; path = Grid.swift; sourceTree = "<group>"; };
		6B96F00C24A4DBFD00833143 /* GridLayout.swift */ = {isa = PBXFileReference; fileEncoding = 4; lastKnownFileType = sourcecode.swift; path = GridLayout.swift; sourceTree = "<group>"; };
		6B96F00E24A5CD9C00833143 /* Pie.swift */ = {isa = PBXFileReference; lastKnownFileType = sourcecode.swift; path = Pie.swift; sourceTree = "<group>"; };
/* End PBXFileReference section */

/* Begin PBXFrameworksBuildPhase section */
		48A0B3B324A475A800B202EE /* Frameworks */ = {
			isa = PBXFrameworksBuildPhase;
			buildActionMask = 2147483647;
			files = (
			);
			runOnlyForDeploymentPostprocessing = 0;
		};
/* End PBXFrameworksBuildPhase section */

/* Begin PBXGroup section */
		48A0B3AD24A475A800B202EE = {
			isa = PBXGroup;
			children = (
				48A0B3B824A475A800B202EE /* Memorise */,
				48A0B3B724A475A800B202EE /* Products */,
			);
			sourceTree = "<group>";
		};
		48A0B3B724A475A800B202EE /* Products */ = {
			isa = PBXGroup;
			children = (
				48A0B3B624A475A800B202EE /* Memorise.app */,
			);
			name = Products;
			sourceTree = "<group>";
		};
		48A0B3B824A475A800B202EE /* Memorise */ = {
			isa = PBXGroup;
			children = (
				6B83C7EA24A4C93A0028E1B8 /* Memorise.entitlements */,
				48A0B3B924A475A800B202EE /* AppDelegate.swift */,
				48A0B3BB24A475A800B202EE /* SceneDelegate.swift */,
				48A0B3BD24A475A800B202EE /* EmojiMemoryGameView.swift */,
				6B96F00C24A4DBFD00833143 /* GridLayout.swift */,
				6B96F00A24A4D7A300833143 /* Grid.swift */,
				6B1D442B24A4B1FC00C2A61E /* MemoryGame.swift */,
				6B96F00E24A5CD9C00833143 /* Pie.swift */,
				6B1D442D24A4B41600C2A61E /* EmojiMemoryGame.swift */,
				48A0B3BF24A475AA00B202EE /* Assets.xcassets */,
				48A0B3C424A475AA00B202EE /* LaunchScreen.storyboard */,
				48A0B3C724A475AA00B202EE /* Info.plist */,
				48A0B3C124A475AA00B202EE /* Preview Content */,
			);
			path = Memorise;
			sourceTree = "<group>";
		};
		48A0B3C124A475AA00B202EE /* Preview Content */ = {
			isa = PBXGroup;
			children = (
				48A0B3C224A475AA00B202EE /* Preview Assets.xcassets */,
			);
			path = "Preview Content";
			sourceTree = "<group>";
		};
/* End PBXGroup section */

/* Begin PBXNativeTarget section */
		48A0B3B524A475A800B202EE /* Memorise */ = {
			isa = PBXNativeTarget;
			buildConfigurationList = 48A0B3CA24A475AA00B202EE /* Build configuration list for PBXNativeTarget "Memorise" */;
			buildPhases = (
				48A0B3B224A475A800B202EE /* Sources */,
				48A0B3B324A475A800B202EE /* Frameworks */,
				48A0B3B424A475A800B202EE /* Resources */,
			);
			buildRules = (
			);
			dependencies = (
			);
			name = Memorise;
			productName = Memorise;
			productReference = 48A0B3B624A475A800B202EE /* Memorise.app */;
			productType = "com.apple.product-type.application";
		};
/* End PBXNativeTarget section */

/* Begin PBXProject section */
		48A0B3AE24A475A800B202EE /* Project object */ = {
			isa = PBXProject;
			attributes = {
				LastSwiftUpdateCheck = 1100;
				LastUpgradeCheck = 1100;
				ORGANIZATIONNAME = Aashish;
				TargetAttributes = {
					48A0B3B524A475A800B202EE = {
						CreatedOnToolsVersion = 11.0;
					};
				};
			};
			buildConfigurationList = 48A0B3B124A475A800B202EE /* Build configuration list for PBXProject "Memorise" */;
			compatibilityVersion = "Xcode 9.3";
			developmentRegion = en;
			hasScannedForEncodings = 0;
			knownRegions = (
				en,
				Base,
			);
			mainGroup = 48A0B3AD24A475A800B202EE;
			productRefGroup = 48A0B3B724A475A800B202EE /* Products */;
			projectDirPath = "";
			projectRoot = "";
			targets = (
				48A0B3B524A475A800B202EE /* Memorise */,
			);
		};
/* End PBXProject section */

/* Begin PBXResourcesBuildPhase section */
		48A0B3B424A475A800B202EE /* Resources */ = {
			isa = PBXResourcesBuildPhase;
			buildActionMask = 2147483647;
			files = (
				48A0B3C624A475AA00B202EE /* LaunchScreen.storyboard in Resources */,
				48A0B3C324A475AA00B202EE /* Preview Assets.xcassets in Resources */,
				48A0B3C024A475AA00B202EE /* Assets.xcassets in Resources */,
			);
			runOnlyForDeploymentPostprocessing = 0;
		};
/* End PBXResourcesBuildPhase section */

/* Begin PBXSourcesBuildPhase section */
		48A0B3B224A475A800B202EE /* Sources */ = {
			isa = PBXSourcesBuildPhase;
			buildActionMask = 2147483647;
			files = (
				48A0B3BA24A475A800B202EE /* AppDelegate.swift in Sources */,
				48A0B3BC24A475A800B202EE /* SceneDelegate.swift in Sources */,
				6B96F00F24A5CD9C00833143 /* Pie.swift in Sources */,
				6B1D442C24A4B1FC00C2A61E /* MemoryGame.swift in Sources */,
				48A0B3BE24A475A800B202EE /* EmojiMemoryGameView.swift in Sources */,
				6B1D442E24A4B41600C2A61E /* EmojiMemoryGame.swift in Sources */,
				6B96F00D24A4DBFD00833143 /* GridLayout.swift in Sources */,
				6B96F00B24A4D7A300833143 /* Grid.swift in Sources */,
			);
			runOnlyForDeploymentPostprocessing = 0;
		};
/* End PBXSourcesBuildPhase section */

/* Begin PBXVariantGroup section */
		48A0B3C424A475AA00B202EE /* LaunchScreen.storyboard */ = {
			isa = PBXVariantGroup;
			children = (
				48A0B3C524A475AA00B202EE /* Base */,
			);
			name = LaunchScreen.storyboard;
			sourceTree = "<group>";
		};
/* End PBXVariantGroup section */

/* Begin XCBuildConfiguration section */
		48A0B3C824A475AA00B202EE /* Debug */ = {
			isa = XCBuildConfiguration;
			buildSettings = {
				ALWAYS_SEARCH_USER_PATHS = NO;
				CLANG_ANALYZER_NONNULL = YES;
				CLANG_ANALYZER_NUMBER_OBJECT_CONVERSION = YES_AGGRESSIVE;
				CLANG_CXX_LANGUAGE_STANDARD = "gnu++14";
				CLANG_CXX_LIBRARY = "libc++";
				CLANG_ENABLE_MODULES = YES;
				CLANG_ENABLE_OBJC_ARC = YES;
				CLANG_ENABLE_OBJC_WEAK = YES;
				CLANG_WARN_BLOCK_CAPTURE_AUTORELEASING = YES;
				CLANG_WARN_BOOL_CONVERSION = YES;
				CLANG_WARN_COMMA = YES;
				CLANG_WARN_CONSTANT_CONVERSION = YES;
				CLANG_WARN_DEPRECATED_OBJC_IMPLEMENTATIONS = YES;
				CLANG_WARN_DIRECT_OBJC_ISA_USAGE = YES_ERROR;
				CLANG_WARN_DOCUMENTATION_COMMENTS = YES;
				CLANG_WARN_EMPTY_BODY = YES;
				CLANG_WARN_ENUM_CONVERSION = YES;
				CLANG_WARN_INFINITE_RECURSION = YES;
				CLANG_WARN_INT_CONVERSION = YES;
				CLANG_WARN_NON_LITERAL_NULL_CONVERSION = YES;
				CLANG_WARN_OBJC_IMPLICIT_RETAIN_SELF = YES;
				CLANG_WARN_OBJC_LITERAL_CONVERSION = YES;
				CLANG_WARN_OBJC_ROOT_CLASS = YES_ERROR;
				CLANG_WARN_RANGE_LOOP_ANALYSIS = YES;
				CLANG_WARN_STRICT_PROTOTYPES = YES;
				CLANG_WARN_SUSPICIOUS_MOVE = YES;
				CLANG_WARN_UNGUARDED_AVAILABILITY = YES_AGGRESSIVE;
				CLANG_WARN_UNREACHABLE_CODE = YES;
				CLANG_WARN__DUPLICATE_METHOD_MATCH = YES;
				COPY_PHASE_STRIP = NO;
				DEBUG_INFORMATION_FORMAT = dwarf;
				ENABLE_STRICT_OBJC_MSGSEND = YES;
				ENABLE_TESTABILITY = YES;
				GCC_C_LANGUAGE_STANDARD = gnu11;
				GCC_DYNAMIC_NO_PIC = NO;
				GCC_NO_COMMON_BLOCKS = YES;
				GCC_OPTIMIZATION_LEVEL = 0;
				GCC_PREPROCESSOR_DEFINITIONS = (
					"DEBUG=1",
					"$(inherited)",
				);
				GCC_WARN_64_TO_32_BIT_CONVERSION = YES;
				GCC_WARN_ABOUT_RETURN_TYPE = YES_ERROR;
				GCC_WARN_UNDECLARED_SELECTOR = YES;
				GCC_WARN_UNINITIALIZED_AUTOS = YES_AGGRESSIVE;
				GCC_WARN_UNUSED_FUNCTION = YES;
				GCC_WARN_UNUSED_VARIABLE = YES;
				IPHONEOS_DEPLOYMENT_TARGET = 13.0;
				MTL_ENABLE_DEBUG_INFO = INCLUDE_SOURCE;
				MTL_FAST_MATH = YES;
				ONLY_ACTIVE_ARCH = YES;
				SDKROOT = iphoneos;
				SWIFT_ACTIVE_COMPILATION_CONDITIONS = DEBUG;
				SWIFT_OPTIMIZATION_LEVEL = "-Onone";
			};
			name = Debug;
		};
		48A0B3C924A475AA00B202EE /* Release */ = {
			isa = XCBuildConfiguration;
			buildSettings = {
				ALWAYS_SEARCH_USER_PATHS = NO;
				CLANG_ANALYZER_NONNULL = YES;
				CLANG_ANALYZER_NUMBER_OBJECT_CONVERSION = YES_AGGRESSIVE;
				CLANG_CXX_LANGUAGE_STANDARD = "gnu++14";
				CLANG_CXX_LIBRARY = "libc++";
				CLANG_ENABLE_MODULES = YES;
				CLANG_ENABLE_OBJC_ARC = YES;
				CLANG_ENABLE_OBJC_WEAK = YES;
				CLANG_WARN_BLOCK_CAPTURE_AUTORELEASING = YES;
				CLANG_WARN_BOOL_CONVERSION = YES;
				CLANG_WARN_COMMA = YES;
				CLANG_WARN_CONSTANT_CONVERSION = YES;
				CLANG_WARN_DEPRECATED_OBJC_IMPLEMENTATIONS = YES;
				CLANG_WARN_DIRECT_OBJC_ISA_USAGE = YES_ERROR;
				CLANG_WARN_DOCUMENTATION_COMMENTS = YES;
				CLANG_WARN_EMPTY_BODY = YES;
				CLANG_WARN_ENUM_CONVERSION = YES;
				CLANG_WARN_INFINITE_RECURSION = YES;
				CLANG_WARN_INT_CONVERSION = YES;
				CLANG_WARN_NON_LITERAL_NULL_CONVERSION = YES;
				CLANG_WARN_OBJC_IMPLICIT_RETAIN_SELF = YES;
				CLANG_WARN_OBJC_LITERAL_CONVERSION = YES;
				CLANG_WARN_OBJC_ROOT_CLASS = YES_ERROR;
				CLANG_WARN_RANGE_LOOP_ANALYSIS = YES;
				CLANG_WARN_STRICT_PROTOTYPES = YES;
				CLANG_WARN_SUSPICIOUS_MOVE = YES;
				CLANG_WARN_UNGUARDED_AVAILABILITY = YES_AGGRESSIVE;
				CLANG_WARN_UNREACHABLE_CODE = YES;
				CLANG_WARN__DUPLICATE_METHOD_MATCH = YES;
				COPY_PHASE_STRIP = NO;
				DEBUG_INFORMATION_FORMAT = "dwarf-with-dsym";
				ENABLE_NS_ASSERTIONS = NO;
				ENABLE_STRICT_OBJC_MSGSEND = YES;
				GCC_C_LANGUAGE_STANDARD = gnu11;
				GCC_NO_COMMON_BLOCKS = YES;
				GCC_WARN_64_TO_32_BIT_CONVERSION = YES;
				GCC_WARN_ABOUT_RETURN_TYPE = YES_ERROR;
				GCC_WARN_UNDECLARED_SELECTOR = YES;
				GCC_WARN_UNINITIALIZED_AUTOS = YES_AGGRESSIVE;
				GCC_WARN_UNUSED_FUNCTION = YES;
				GCC_WARN_UNUSED_VARIABLE = YES;
				IPHONEOS_DEPLOYMENT_TARGET = 13.0;
				MTL_ENABLE_DEBUG_INFO = NO;
				MTL_FAST_MATH = YES;
				SDKROOT = iphoneos;
				SWIFT_COMPILATION_MODE = wholemodule;
				SWIFT_OPTIMIZATION_LEVEL = "-O";
				VALIDATE_PRODUCT = YES;
			};
			name = Release;
		};
		48A0B3CB24A475AA00B202EE /* Debug */ = {
			isa = XCBuildConfiguration;
			buildSettings = {
				ASSETCATALOG_COMPILER_APPICON_NAME = AppIcon;
				CODE_SIGN_ENTITLEMENTS = Memorise/Memorise.entitlements;
				CODE_SIGN_STYLE = Automatic;
				DEVELOPMENT_ASSET_PATHS = "\"Memorise/Preview Content\"";
				DEVELOPMENT_TEAM = M95J6R4W33;
				ENABLE_PREVIEWS = YES;
				INFOPLIST_FILE = Memorise/Info.plist;
				LD_RUNPATH_SEARCH_PATHS = (
					"$(inherited)",
					"@executable_path/Frameworks",
				);
				PRODUCT_BUNDLE_IDENTIFIER = com.aashish.Memorise;
				PRODUCT_NAME = "$(TARGET_NAME)";
				SUPPORTS_MACCATALYST = NO;
				SWIFT_VERSION = 5.0;
				TARGETED_DEVICE_FAMILY = "1,2";
			};
			name = Debug;
		};
		48A0B3CC24A475AA00B202EE /* Release */ = {
			isa = XCBuildConfiguration;
			buildSettings = {
				ASSETCATALOG_COMPILER_APPICON_NAME = AppIcon;
				CODE_SIGN_ENTITLEMENTS = Memorise/Memorise.entitlements;
				CODE_SIGN_STYLE = Automatic;
				DEVELOPMENT_ASSET_PATHS = "\"Memorise/Preview Content\"";
				DEVELOPMENT_TEAM = M95J6R4W33;
				ENABLE_PREVIEWS = YES;
				INFOPLIST_FILE = Memorise/Info.plist;
				LD_RUNPATH_SEARCH_PATHS = (
					"$(inherited)",
					"@executable_path/Frameworks",
				);
				PRODUCT_BUNDLE_IDENTIFIER = com.aashish.Memorise;
				PRODUCT_NAME = "$(TARGET_NAME)";
				SUPPORTS_MACCATALYST = NO;
				SWIFT_VERSION = 5.0;
				TARGETED_DEVICE_FAMILY = "1,2";
			};
			name = Release;
		};
/* End XCBuildConfiguration section */

/* Begin XCConfigurationList section */
		48A0B3B124A475A800B202EE /* Build configuration list for PBXProject "Memorise" */ = {
			isa = XCConfigurationList;
			buildConfigurations = (
				48A0B3C824A475AA00B202EE /* Debug */,
				48A0B3C924A475AA00B202EE /* Release */,
			);
			defaultConfigurationIsVisible = 0;
			defaultConfigurationName = Release;
		};
		48A0B3CA24A475AA00B202EE /* Build configuration list for PBXNativeTarget "Memorise" */ = {
			isa = XCConfigurationList;
			buildConfigurations = (
				48A0B3CB24A475AA00B202EE /* Debug */,
				48A0B3CC24A475AA00B202EE /* Release */,
			);
			defaultConfigurationIsVisible = 0;
			defaultConfigurationName = Release;
		};
/* End XCConfigurationList section */
	};
	rootObject = 48A0B3AE24A475A800B202EE /* Project object */;
}
